
Microsoft Visual Studio Solution File, Format Version 12.00
# Visual Studio 15
VisualStudioVersion = 15.0.27703.2035
MinimumVisualStudioVersion = 10.0.40219.1
Project("{FAE04EC0-301F-11D3-BF4B-00C04F79EFBC}") = "StrategyDP", "StrategyDP\StrategyDP.csproj", "{661C6D24-0E3A-4471-B3D4-A8A0BD65AA1C}"
EndProject
Global
	GlobalSection(SolutionConfigurationPlatforms) = preSolution
		Debug|Any CPU = Debug|Any CPU
		Release|Any CPU = Release|Any CPU
	EndGlobalSection
	GlobalSection(ProjectConfigurationPlatforms) = postSolution
		{661C6D24-0E3A-4471-B3D4-A8A0BD65AA1C}.Debug|Any CPU.ActiveCfg = Debug|Any CPU
		{661C6D24-0E3A-4471-B3D4-A8A0BD65AA1C}.Debug|Any CPU.Build.0 = Debug|Any CPU
		{661C6D24-0E3A-4471-B3D4-A8A0BD65AA1C}.Release|Any CPU.ActiveCfg = Release|Any CPU
		{661C6D24-0E3A-4471-B3D4-A8A0BD65AA1C}.Release|Any CPU.Build.0 = Release|Any CPU
	EndGlobalSection
	GlobalSection(SolutionProperties) = preSolution
		HideSolutionNode = FALSE
	EndGlobalSection
	GlobalSection(ExtensibilityGlobals) = postSolution
		SolutionGuid = {4696F630-E10A-4843-A56D-AEFD70B50DA9}
	EndGlobalSection
EndGlobal
